
Microsoft Visual Studio Solution File, Format Version 12.00
# Visual Studio 15
VisualStudioVersion = 15.0.26730.12
MinimumVisualStudioVersion = 10.0.40219.1
Project("{FAE04EC0-301F-11D3-BF4B-00C04F79EFBC}") = "DotNetNuke.Security.Tls12", "DotNetNuke.Security.Tls12.csproj", "{8B91022C-DD56-4A09-9E3F-F04BF9E4B542}"
EndProject
Global
	GlobalSection(SolutionConfigurationPlatforms) = preSolution
		Debug|Any CPU = Debug|Any CPU
		Release|Any CPU = Release|Any CPU
	EndGlobalSection
	GlobalSection(ProjectConfigurationPlatforms) = postSolution
		{8B91022C-DD56-4A09-9E3F-F04BF9E4B542}.Debug|Any CPU.ActiveCfg = Debug|Any CPU
		{8B91022C-DD56-4A09-9E3F-F04BF9E4B542}.Debug|Any CPU.Build.0 = Debug|Any CPU
		{8B91022C-DD56-4A09-9E3F-F04BF9E4B542}.Release|Any CPU.ActiveCfg = Release|Any CPU
		{8B91022C-DD56-4A09-9E3F-F04BF9E4B542}.Release|Any CPU.Build.0 = Release|Any CPU
	EndGlobalSection
	GlobalSection(SolutionProperties) = preSolution
		HideSolutionNode = FALSE
	EndGlobalSection
	GlobalSection(ExtensibilityGlobals) = postSolution
		SolutionGuid = {D46476E5-8238-49D4-B443-F73566350362}
	EndGlobalSection
EndGlobal
